
Microsoft Visual Studio Solution File, Format Version 12.00
# Visual Studio Version 16
VisualStudioVersion = 16.0.31729.503
MinimumVisualStudioVersion = 10.0.40219.1
Project("{FAE04EC0-301F-11D3-BF4B-00C04F79EFBC}") = "BMICalculator", "BMICalculator\BMICalculator.csproj", "{79D77216-18CA-4728-817F-4DB77353DCF1}"
EndProject
Global
	GlobalSection(SolutionConfigurationPlatforms) = preSolution
		Debug|Any CPU = Debug|Any CPU
		Release|Any CPU = Release|Any CPU
	EndGlobalSection
	GlobalSection(ProjectConfigurationPlatforms) = postSolution
		{79D77216-18CA-4728-817F-4DB77353DCF1}.Debug|Any CPU.ActiveCfg = Debug|Any CPU
		{79D77216-18CA-4728-817F-4DB77353DCF1}.Debug|Any CPU.Build.0 = Debug|Any CPU
		{79D77216-18CA-4728-817F-4DB77353DCF1}.Release|Any CPU.ActiveCfg = Release|Any CPU
		{79D77216-18CA-4728-817F-4DB77353DCF1}.Release|Any CPU.Build.0 = Release|Any CPU
	EndGlobalSection
	GlobalSection(SolutionProperties) = preSolution
		HideSolutionNode = FALSE
	EndGlobalSection
	GlobalSection(ExtensibilityGlobals) = postSolution
		SolutionGuid = {79EC4D90-882E-4414-9AB7-E2F3913E425C}
	EndGlobalSection
EndGlobal
